
Microsoft Visual Studio Solution File, Format Version 12.00
# Visual Studio Version 17
VisualStudioVersion = 17.0.31912.275
MinimumVisualStudioVersion = 10.0.40219.1
Project("{9A19103F-16F7-4668-BE54-9A1E7A4F7556}") = "AspCopy", "AspCopy\AspCopy.csproj", "{FCC88DF0-E93B-4F32-9B26-1D7526C37046}"
EndProject
Project("{FAE04EC0-301F-11D3-BF4B-00C04F79EFBC}") = "Controllers", "Controllers\Controllers.csproj", "{2EC0B955-7F9A-4FAD-B7ED-4A880290F7CB}"
EndProject
Global
	GlobalSection(SolutionConfigurationPlatforms) = preSolution
		Debug|Any CPU = Debug|Any CPU
		Release|Any CPU = Release|Any CPU
	EndGlobalSection
	GlobalSection(ProjectConfigurationPlatforms) = postSolution
		{FCC88DF0-E93B-4F32-9B26-1D7526C37046}.Debug|Any CPU.ActiveCfg = Debug|Any CPU
		{FCC88DF0-E93B-4F32-9B26-1D7526C37046}.Debug|Any CPU.Build.0 = Debug|Any CPU
		{FCC88DF0-E93B-4F32-9B26-1D7526C37046}.Release|Any CPU.ActiveCfg = Release|Any CPU
		{FCC88DF0-E93B-4F32-9B26-1D7526C37046}.Release|Any CPU.Build.0 = Release|Any CPU
		{2EC0B955-7F9A-4FAD-B7ED-4A880290F7CB}.Debug|Any CPU.ActiveCfg = Debug|Any CPU
		{2EC0B955-7F9A-4FAD-B7ED-4A880290F7CB}.Debug|Any CPU.Build.0 = Debug|Any CPU
		{2EC0B955-7F9A-4FAD-B7ED-4A880290F7CB}.Release|Any CPU.ActiveCfg = Release|Any CPU
		{2EC0B955-7F9A-4FAD-B7ED-4A880290F7CB}.Release|Any CPU.Build.0 = Release|Any CPU
	EndGlobalSection
	GlobalSection(SolutionProperties) = preSolution
		HideSolutionNode = FALSE
	EndGlobalSection
	GlobalSection(ExtensibilityGlobals) = postSolution
		SolutionGuid = {A1355952-F2CD-4FE4-9F02-BB5906659A6B}
	EndGlobalSection
EndGlobal
